# This file is automatically @generated by Poetry 2.0.1 and should not be changed by hand.

[[package]]
name = "kenobi"
version = "4.0"
description = "document based database using sqlite"
optional = false
python-versions = "*"
groups = ["main"]
files = [
    {file = "kenobi-4.0-py3-none-any.whl", hash = "sha256:14fc97048ca51d5ea0ccbf8ef58e4c159c16c99e3a028d89a644d6373057cf24"},
    {file = "kenobi-4.0.tar.gz", hash = "sha256:be3edc8c8ef9b43bc530038fc0a9d408f8d72466a8fdb55dfbc2ba245054f87c"},
]

[[package]]
name = "prettytable"
version = "3.16.0"
description = "A simple Python library for easily displaying tabular data in a visually appealing ASCII table format"
optional = false
python-versions = ">=3.9"
groups = ["main"]
files = [
    {file = "prettytable-3.16.0-py3-none-any.whl", hash = "sha256:b5eccfabb82222f5aa46b798ff02a8452cf530a352c31bddfa29be41242863aa"},
    {file = "prettytable-3.16.0.tar.gz", hash = "sha256:3c64b31719d961bf69c9a7e03d0c1e477320906a98da63952bc6698d6164ff57"},
]

[package.dependencies]
wcwidth = "*"

[package.extras]
tests = ["pytest", "pytest-cov", "pytest-lazy-fixtures"]

[[package]]
name = "wcwidth"
version = "0.2.13"
description = "Measures the displayed width of unicode strings in a terminal"
optional = false
python-versions = "*"
groups = ["main"]
files = [
    {file = "wcwidth-0.2.13-py2.py3-none-any.whl", hash = "sha256:3da69048e4540d84af32131829ff948f1e022c1c6bdb8d6102117aac784f6859"},
    {file = "wcwidth-0.2.13.tar.gz", hash = "sha256:72ea0c06399eb286d978fdedb6923a9eb47e1c486ce63e9b4e64fc18303972b5"},
]

[metadata]
lock-version = "2.1"
python-versions = ">=3.12"
content-hash = "774bcbb867cc4a6155e5066f49cbbb1c3574eb01093aa9b51328cc9080d3ec03"
